// !$*UTF8*$!
{
	archiveVersion = 1;
	classes = {
	};
	objectVersion = 46;
	objects = {

/* Begin PBXBuildFile section */
		963B4CE3195EEC540094EAE5 /* LoadingView.swift in Sources */ = {isa = PBXBuildFile; fileRef = 963B4CE2195EEC540094EAE5 /* LoadingView.swift */; };
		964095FD195ED769004ECEBF /* AppDelegate.swift in Sources */ = {isa = PBXBuildFile; fileRef = 964095FC195ED769004ECEBF /* AppDelegate.swift */; };
		96409602195ED769004ECEBF /* MapViewController.swift in Sources */ = {isa = PBXBuildFile; fileRef = 96409601195ED769004ECEBF /* MapViewController.swift */; };
		96409605195ED769004ECEBF /* Main.storyboard in Resources */ = {isa = PBXBuildFile; fileRef = 96409603195ED769004ECEBF /* Main.storyboard */; };
		96409607195ED769004ECEBF /* Images.xcassets in Resources */ = {isa = PBXBuildFile; fileRef = 96409606195ED769004ECEBF /* Images.xcassets */; };
		96409613195ED769004ECEBF /* gothereTests.swift in Sources */ = {isa = PBXBuildFile; fileRef = 96409612195ED769004ECEBF /* gothereTests.swift */; };
		964861AD195F06C0005D2E89 /* LocationManager.swift in Sources */ = {isa = PBXBuildFile; fileRef = 964861AC195F06C0005D2E89 /* LocationManager.swift */; };
		964861B0195F0874005D2E89 /* CoreLocation.framework in Frameworks */ = {isa = PBXBuildFile; fileRef = 964861AF195F0874005D2E89 /* CoreLocation.framework */; };
		96536635195F4B400035A8F6 /* blue_hills.gpx in Resources */ = {isa = PBXBuildFile; fileRef = 96536634195F4B400035A8F6 /* blue_hills.gpx */; };
		96536637195F4BEE0035A8F6 /* fells_loop.gpx in Resources */ = {isa = PBXBuildFile; fileRef = 96536636195F4BEE0035A8F6 /* fells_loop.gpx */; };
		96536639195F64530035A8F6 /* GAlertView.swift in Sources */ = {isa = PBXBuildFile; fileRef = 96536638195F64530035A8F6 /* GAlertView.swift */; };
		9653663D195F66AF0035A8F6 /* blur_sample.png in Resources */ = {isa = PBXBuildFile; fileRef = 9653663C195F66AF0035A8F6 /* blur_sample.png */; };
		9653663F195F67AF0035A8F6 /* BlurredView.swift in Sources */ = {isa = PBXBuildFile; fileRef = 9653663E195F67AF0035A8F6 /* BlurredView.swift */; };
		96B53EEE195EDC770054FFE1 /* MapKit.framework in Frameworks */ = {isa = PBXBuildFile; fileRef = 96B53EED195EDC770054FFE1 /* MapKit.framework */; };
		BC2BFE20195FDC1A00DC0E51 /* Default-568h@2x.png in Resources */ = {isa = PBXBuildFile; fileRef = BC2BFE1F195FDC1A00DC0E51 /* Default-568h@2x.png */; };
		96FB165A195FB71F00A92D57 /* pin@1x.png in Resources */ = {isa = PBXBuildFile; fileRef = 96FB1658195FB71F00A92D57 /* pin@1x.png */; };
		96FB165B195FB71F00A92D57 /* pin@2x.png in Resources */ = {isa = PBXBuildFile; fileRef = 96FB1659195FB71F00A92D57 /* pin@2x.png */; };
		96FB165D195FB91700A92D57 /* rightButtImg.png in Resources */ = {isa = PBXBuildFile; fileRef = 96FB165C195FB91700A92D57 /* rightButtImg.png */; };
		96FB165F195FC1EC00A92D57 /* GAnnotationView.swift in Sources */ = {isa = PBXBuildFile; fileRef = 96FB165E195FC1EC00A92D57 /* GAnnotationView.swift */; };
		96FB1661195FCB5500A92D57 /* GPointAnnotation.swift in Sources */ = {isa = PBXBuildFile; fileRef = 96FB1660195FCB5500A92D57 /* GPointAnnotation.swift */; };
		DE71FBC7195F747E0053E192 /* CustomTableViewCell.swift in Sources */ = {isa = PBXBuildFile; fileRef = DE71FBC6195F747E0053E192 /* CustomTableViewCell.swift */; };
		DE71FBCB195F75220053E192 /* ChooseARouteTableViewController.swift in Sources */ = {isa = PBXBuildFile; fileRef = DE71FBCA195F75220053E192 /* ChooseARouteTableViewController.swift */; };
		DE995FC3195F117D00DBE293 /* PointDetailViewController.swift in Sources */ = {isa = PBXBuildFile; fileRef = DE995FC2195F117D00DBE293 /* PointDetailViewController.swift */; };
		E3C69FF0195EDA1F004F8F23 /* Model.xcdatamodeld in Sources */ = {isa = PBXBuildFile; fileRef = E3C69FEE195EDA1F004F8F23 /* Model.xcdatamodeld */; };
		E3C69FF5195EDD41004F8F23 /* _Point.swift in Sources */ = {isa = PBXBuildFile; fileRef = E3C69FF2195EDD41004F8F23 /* _Point.swift */; };
		E3C69FF6195EDD41004F8F23 /* _Route.swift in Sources */ = {isa = PBXBuildFile; fileRef = E3C69FF3195EDD41004F8F23 /* _Route.swift */; };
		E3C69FF7195EDD41004F8F23 /* _User.swift in Sources */ = {isa = PBXBuildFile; fileRef = E3C69FF4195EDD41004F8F23 /* _User.swift */; };
		E3C69FFB195EDD4F004F8F23 /* Point.swift in Sources */ = {isa = PBXBuildFile; fileRef = E3C69FF8195EDD4F004F8F23 /* Point.swift */; };
		E3C69FFC195EDD4F004F8F23 /* Route.swift in Sources */ = {isa = PBXBuildFile; fileRef = E3C69FF9195EDD4F004F8F23 /* Route.swift */; };
		E3C69FFD195EDD4F004F8F23 /* User.swift in Sources */ = {isa = PBXBuildFile; fileRef = E3C69FFA195EDD4F004F8F23 /* User.swift */; };
		E3DB028A195EDDFF0029663D /* GTPersistentStoreCoordinator.swift in Sources */ = {isa = PBXBuildFile; fileRef = E3DB0289195EDDFF0029663D /* GTPersistentStoreCoordinator.swift */; };
		E3DB028C195EE7000029663D /* GTManagedObjectContext.swift in Sources */ = {isa = PBXBuildFile; fileRef = E3DB028B195EE7000029663D /* GTManagedObjectContext.swift */; settings = {COMPILER_FLAGS = "-fno-objc-arc"; }; };
		E3DB028F195EE9A20029663D /* BackendClient.swift in Sources */ = {isa = PBXBuildFile; fileRef = E3DB028E195EE9A20029663D /* BackendClient.swift */; };
		E3DC4485195F375D006FDEF2 /* GTMNSDictionary+URLArguments.m in Sources */ = {isa = PBXBuildFile; fileRef = E3DC4484195F375D006FDEF2 /* GTMNSDictionary+URLArguments.m */; settings = {COMPILER_FLAGS = "-fno-objc-arc"; }; };
		E3DC4488195F37F5006FDEF2 /* GTMNSString+URLArguments.m in Sources */ = {isa = PBXBuildFile; fileRef = E3DC4487195F37F5006FDEF2 /* GTMNSString+URLArguments.m */; settings = {COMPILER_FLAGS = "-fno-objc-arc"; }; };
/* End PBXBuildFile section */

/* Begin PBXContainerItemProxy section */
		9640960D195ED769004ECEBF /* PBXContainerItemProxy */ = {
			isa = PBXContainerItemProxy;
			containerPortal = 964095EF195ED769004ECEBF /* Project object */;
			proxyType = 1;
			remoteGlobalIDString = 964095F6195ED769004ECEBF;
			remoteInfo = gothere;
		};
/* End PBXContainerItemProxy section */

/* Begin PBXFileReference section */
		963B4CE2195EEC540094EAE5 /* LoadingView.swift */ = {isa = PBXFileReference; fileEncoding = 4; lastKnownFileType = sourcecode.swift; name = LoadingView.swift; path = Helpers/LoadingView.swift; sourceTree = "<group>"; };
		964095F7195ED769004ECEBF /* gothere.app */ = {isa = PBXFileReference; explicitFileType = wrapper.application; includeInIndex = 0; path = gothere.app; sourceTree = BUILT_PRODUCTS_DIR; };
		964095FB195ED769004ECEBF /* Info.plist */ = {isa = PBXFileReference; lastKnownFileType = text.plist.xml; path = Info.plist; sourceTree = "<group>"; };
		964095FC195ED769004ECEBF /* AppDelegate.swift */ = {isa = PBXFileReference; lastKnownFileType = sourcecode.swift; path = AppDelegate.swift; sourceTree = "<group>"; };
		96409601195ED769004ECEBF /* MapViewController.swift */ = {isa = PBXFileReference; lastKnownFileType = sourcecode.swift; path = MapViewController.swift; sourceTree = "<group>"; };
		96409604195ED769004ECEBF /* Base */ = {isa = PBXFileReference; lastKnownFileType = file.storyboard; name = Base; path = Base.lproj/Main.storyboard; sourceTree = "<group>"; };
		96409606195ED769004ECEBF /* Images.xcassets */ = {isa = PBXFileReference; lastKnownFileType = folder.assetcatalog; path = Images.xcassets; sourceTree = "<group>"; };
		9640960C195ED769004ECEBF /* gothereTests.xctest */ = {isa = PBXFileReference; explicitFileType = wrapper.cfbundle; includeInIndex = 0; path = gothereTests.xctest; sourceTree = BUILT_PRODUCTS_DIR; };
		96409611195ED769004ECEBF /* Info.plist */ = {isa = PBXFileReference; lastKnownFileType = text.plist.xml; path = Info.plist; sourceTree = "<group>"; };
		96409612195ED769004ECEBF /* gothereTests.swift */ = {isa = PBXFileReference; lastKnownFileType = sourcecode.swift; path = gothereTests.swift; sourceTree = "<group>"; };
		964861AC195F06C0005D2E89 /* LocationManager.swift */ = {isa = PBXFileReference; fileEncoding = 4; lastKnownFileType = sourcecode.swift; name = LocationManager.swift; path = Model/LocationManager.swift; sourceTree = "<group>"; };
		964861AF195F0874005D2E89 /* CoreLocation.framework */ = {isa = PBXFileReference; lastKnownFileType = wrapper.framework; name = CoreLocation.framework; path = System/Library/Frameworks/CoreLocation.framework; sourceTree = SDKROOT; };
		96536634195F4B400035A8F6 /* blue_hills.gpx */ = {isa = PBXFileReference; fileEncoding = 4; lastKnownFileType = text.xml; name = blue_hills.gpx; path = ../blue_hills.gpx; sourceTree = "<group>"; };
		96536636195F4BEE0035A8F6 /* fells_loop.gpx */ = {isa = PBXFileReference; fileEncoding = 4; lastKnownFileType = text.xml; name = fells_loop.gpx; path = ../fells_loop.gpx; sourceTree = "<group>"; };
		96536638195F64530035A8F6 /* GAlertView.swift */ = {isa = PBXFileReference; fileEncoding = 4; lastKnownFileType = sourcecode.swift; name = GAlertView.swift; path = Helpers/GAlertView.swift; sourceTree = "<group>"; };
		9653663C195F66AF0035A8F6 /* blur_sample.png */ = {isa = PBXFileReference; lastKnownFileType = image.png; path = blur_sample.png; sourceTree = "<group>"; };
		9653663E195F67AF0035A8F6 /* BlurredView.swift */ = {isa = PBXFileReference; fileEncoding = 4; lastKnownFileType = sourcecode.swift; name = BlurredView.swift; path = Helpers/BlurredView.swift; sourceTree = "<group>"; };
		96B53EED195EDC770054FFE1 /* MapKit.framework */ = {isa = PBXFileReference; lastKnownFileType = wrapper.framework; name = MapKit.framework; path = System/Library/Frameworks/MapKit.framework; sourceTree = SDKROOT; };
		BC2BFE1F195FDC1A00DC0E51 /* Default-568h@2x.png */ = {isa = PBXFileReference; lastKnownFileType = image.png; path = "Default-568h@2x.png"; sourceTree = "<group>"; };
		96FB1658195FB71F00A92D57 /* pin@1x.png */ = {isa = PBXFileReference; lastKnownFileType = image.png; path = "pin@1x.png"; sourceTree = "<group>"; };
		96FB1659195FB71F00A92D57 /* pin@2x.png */ = {isa = PBXFileReference; lastKnownFileType = image.png; path = "pin@2x.png"; sourceTree = "<group>"; };
		96FB165C195FB91700A92D57 /* rightButtImg.png */ = {isa = PBXFileReference; lastKnownFileType = image.png; path = rightButtImg.png; sourceTree = "<group>"; };
		96FB165E195FC1EC00A92D57 /* GAnnotationView.swift */ = {isa = PBXFileReference; fileEncoding = 4; lastKnownFileType = sourcecode.swift; name = GAnnotationView.swift; path = Helpers/GAnnotationView.swift; sourceTree = "<group>"; };
		96FB1660195FCB5500A92D57 /* GPointAnnotation.swift */ = {isa = PBXFileReference; fileEncoding = 4; lastKnownFileType = sourcecode.swift; name = GPointAnnotation.swift; path = Helpers/GPointAnnotation.swift; sourceTree = "<group>"; };
		DE71FBC6195F747E0053E192 /* CustomTableViewCell.swift */ = {isa = PBXFileReference; fileEncoding = 4; lastKnownFileType = sourcecode.swift; path = CustomTableViewCell.swift; sourceTree = "<group>"; };
		DE71FBCA195F75220053E192 /* ChooseARouteTableViewController.swift */ = {isa = PBXFileReference; fileEncoding = 4; lastKnownFileType = sourcecode.swift; path = ChooseARouteTableViewController.swift; sourceTree = "<group>"; };
		DE995FC2195F117D00DBE293 /* PointDetailViewController.swift */ = {isa = PBXFileReference; fileEncoding = 4; lastKnownFileType = sourcecode.swift; path = PointDetailViewController.swift; sourceTree = "<group>"; };
		E3C69FEF195EDA1F004F8F23 /* Model.xcdatamodel */ = {isa = PBXFileReference; lastKnownFileType = wrapper.xcdatamodel; path = Model.xcdatamodel; sourceTree = "<group>"; };
		E3C69FF2195EDD41004F8F23 /* _Point.swift */ = {isa = PBXFileReference; fileEncoding = 4; lastKnownFileType = sourcecode.swift; path = _Point.swift; sourceTree = "<group>"; };
		E3C69FF3195EDD41004F8F23 /* _Route.swift */ = {isa = PBXFileReference; fileEncoding = 4; lastKnownFileType = sourcecode.swift; path = _Route.swift; sourceTree = "<group>"; };
		E3C69FF4195EDD41004F8F23 /* _User.swift */ = {isa = PBXFileReference; fileEncoding = 4; lastKnownFileType = sourcecode.swift; path = _User.swift; sourceTree = "<group>"; };
		E3C69FF8195EDD4F004F8F23 /* Point.swift */ = {isa = PBXFileReference; fileEncoding = 4; lastKnownFileType = sourcecode.swift; path = Point.swift; sourceTree = "<group>"; };
		E3C69FF9195EDD4F004F8F23 /* Route.swift */ = {isa = PBXFileReference; fileEncoding = 4; lastKnownFileType = sourcecode.swift; path = Route.swift; sourceTree = "<group>"; };
		E3C69FFA195EDD4F004F8F23 /* User.swift */ = {isa = PBXFileReference; fileEncoding = 4; lastKnownFileType = sourcecode.swift; path = User.swift; sourceTree = "<group>"; };
		E3DB0289195EDDFF0029663D /* GTPersistentStoreCoordinator.swift */ = {isa = PBXFileReference; fileEncoding = 4; lastKnownFileType = sourcecode.swift; path = GTPersistentStoreCoordinator.swift; sourceTree = "<group>"; };
		E3DB028B195EE7000029663D /* GTManagedObjectContext.swift */ = {isa = PBXFileReference; fileEncoding = 4; lastKnownFileType = sourcecode.swift; path = GTManagedObjectContext.swift; sourceTree = "<group>"; };
		E3DB028E195EE9A20029663D /* BackendClient.swift */ = {isa = PBXFileReference; fileEncoding = 4; lastKnownFileType = sourcecode.swift; path = BackendClient.swift; sourceTree = "<group>"; };
		E3DC4482195F375C006FDEF2 /* gothere-Bridging-Header.h */ = {isa = PBXFileReference; lastKnownFileType = sourcecode.c.h; path = "gothere-Bridging-Header.h"; sourceTree = "<group>"; };
		E3DC4483195F375D006FDEF2 /* GTMNSDictionary+URLArguments.h */ = {isa = PBXFileReference; fileEncoding = 4; lastKnownFileType = sourcecode.c.h; path = "GTMNSDictionary+URLArguments.h"; sourceTree = "<group>"; };
		E3DC4484195F375D006FDEF2 /* GTMNSDictionary+URLArguments.m */ = {isa = PBXFileReference; fileEncoding = 4; lastKnownFileType = sourcecode.c.objc; path = "GTMNSDictionary+URLArguments.m"; sourceTree = "<group>"; };
		E3DC4486195F37F5006FDEF2 /* GTMNSString+URLArguments.h */ = {isa = PBXFileReference; fileEncoding = 4; lastKnownFileType = sourcecode.c.h; path = "GTMNSString+URLArguments.h"; sourceTree = "<group>"; };
		E3DC4487195F37F5006FDEF2 /* GTMNSString+URLArguments.m */ = {isa = PBXFileReference; fileEncoding = 4; lastKnownFileType = sourcecode.c.objc; path = "GTMNSString+URLArguments.m"; sourceTree = "<group>"; };
		E3DC448C195F3839006FDEF2 /* GTMDefines.h */ = {isa = PBXFileReference; lastKnownFileType = sourcecode.c.h; path = GTMDefines.h; sourceTree = "<group>"; };
		E3DC448D195F3856006FDEF2 /* GTMGarbageCollection.h */ = {isa = PBXFileReference; lastKnownFileType = sourcecode.c.h; path = GTMGarbageCollection.h; sourceTree = "<group>"; };
/* End PBXFileReference section */

/* Begin PBXFrameworksBuildPhase section */
		964095F4195ED769004ECEBF /* Frameworks */ = {
			isa = PBXFrameworksBuildPhase;
			buildActionMask = 2147483647;
			files = (
				964861B0195F0874005D2E89 /* CoreLocation.framework in Frameworks */,
				96B53EEE195EDC770054FFE1 /* MapKit.framework in Frameworks */,
			);
			runOnlyForDeploymentPostprocessing = 0;
		};
		96409609195ED769004ECEBF /* Frameworks */ = {
			isa = PBXFrameworksBuildPhase;
			buildActionMask = 2147483647;
			files = (
			);
			runOnlyForDeploymentPostprocessing = 0;
		};
/* End PBXFrameworksBuildPhase section */

/* Begin PBXGroup section */
		963B4CDF195EE9330094EAE5 /* Helpers */ = {
			isa = PBXGroup;
			children = (
				96536638195F64530035A8F6 /* GAlertView.swift */,
				963B4CE2195EEC540094EAE5 /* LoadingView.swift */,
				9653663E195F67AF0035A8F6 /* BlurredView.swift */,
				96FB165E195FC1EC00A92D57 /* GAnnotationView.swift */,
				96FB1660195FCB5500A92D57 /* GPointAnnotation.swift */,
			);
			name = Helpers;
			sourceTree = "<group>";
		};
		964095EE195ED769004ECEBF = {
			isa = PBXGroup;
			children = (
				964095F9195ED769004ECEBF /* gothere */,
				9640960F195ED769004ECEBF /* gothereTests */,
				964861AE195F0856005D2E89 /* External */,
				964095F8195ED769004ECEBF /* Products */,
			);
			sourceTree = "<group>";
		};
		964095F8195ED769004ECEBF /* Products */ = {
			isa = PBXGroup;
			children = (
				964095F7195ED769004ECEBF /* gothere.app */,
				9640960C195ED769004ECEBF /* gothereTests.xctest */,
			);
			name = Products;
			sourceTree = "<group>";
		};
		964095F9195ED769004ECEBF /* gothere */ = {
			isa = PBXGroup;
			children = (
				BC2BFE1F195FDC1A00DC0E51 /* Default-568h@2x.png */,
				DE71FBC5195F746B0053E192 /* CustomCells */,
				9653663C195F66AF0035A8F6 /* blur_sample.png */,
				E3DB028D195EE9390029663D /* API */,
				E3C69FED195EDA03004F8F23 /* Model */,
				963B4CDF195EE9330094EAE5 /* Helpers */,
				96B34290195EE1DE00DC086A /* Controllers */,
				964095FC195ED769004ECEBF /* AppDelegate.swift */,
				96409603195ED769004ECEBF /* Main.storyboard */,
				96409606195ED769004ECEBF /* Images.xcassets */,
				964095FA195ED769004ECEBF /* Supporting Files */,
			);
			path = gothere;
			sourceTree = "<group>";
		};
		964095FA195ED769004ECEBF /* Supporting Files */ = {
			isa = PBXGroup;
			children = (
				96FB165C195FB91700A92D57 /* rightButtImg.png */,
				96FB1658195FB71F00A92D57 /* pin@1x.png */,
				96FB1659195FB71F00A92D57 /* pin@2x.png */,
				96536636195F4BEE0035A8F6 /* fells_loop.gpx */,
				96536634195F4B400035A8F6 /* blue_hills.gpx */,
				E3DC4482195F375C006FDEF2 /* gothere-Bridging-Header.h */,
				964095FB195ED769004ECEBF /* Info.plist */,
			);
			name = "Supporting Files";
			sourceTree = "<group>";
		};
		9640960F195ED769004ECEBF /* gothereTests */ = {
			isa = PBXGroup;
			children = (
				96409612195ED769004ECEBF /* gothereTests.swift */,
				96409610195ED769004ECEBF /* Supporting Files */,
			);
			path = gothereTests;
			sourceTree = "<group>";
		};
		96409610195ED769004ECEBF /* Supporting Files */ = {
			isa = PBXGroup;
			children = (
				96409611195ED769004ECEBF /* Info.plist */,
			);
			name = "Supporting Files";
			sourceTree = "<group>";
		};
		964861AE195F0856005D2E89 /* External */ = {
			isa = PBXGroup;
			children = (
				E3DC4481195F36D9006FDEF2 /* Google Toolbox for Mac */,
				964861AF195F0874005D2E89 /* CoreLocation.framework */,
				96B53EED195EDC770054FFE1 /* MapKit.framework */,
			);
			name = External;
			sourceTree = "<group>";
		};
		96B34290195EE1DE00DC086A /* Controllers */ = {
			isa = PBXGroup;
			children = (
				DE71FBCA195F75220053E192 /* ChooseARouteTableViewController.swift */,
				96409601195ED769004ECEBF /* MapViewController.swift */,
				DE995FC2195F117D00DBE293 /* PointDetailViewController.swift */,
			);
			name = Controllers;
			sourceTree = "<group>";
		};
		DE71FBC5195F746B0053E192 /* CustomCells */ = {
			isa = PBXGroup;
			children = (
				DE71FBC6195F747E0053E192 /* CustomTableViewCell.swift */,
			);
			name = CustomCells;
			sourceTree = "<group>";
		};
		E3C69FED195EDA03004F8F23 /* Model */ = {
			isa = PBXGroup;
			children = (
				E3C69FF1195EDD33004F8F23 /* Generated */,
				E3C69FEE195EDA1F004F8F23 /* Model.xcdatamodeld */,
				E3C69FF8195EDD4F004F8F23 /* Point.swift */,
				E3C69FF9195EDD4F004F8F23 /* Route.swift */,
				E3C69FFA195EDD4F004F8F23 /* User.swift */,
				E3DB0289195EDDFF0029663D /* GTPersistentStoreCoordinator.swift */,
				E3DB028B195EE7000029663D /* GTManagedObjectContext.swift */,
				964861AC195F06C0005D2E89 /* LocationManager.swift */,
			);
			name = Model;
			sourceTree = "<group>";
		};
		E3C69FF1195EDD33004F8F23 /* Generated */ = {
			isa = PBXGroup;
			children = (
				E3C69FF2195EDD41004F8F23 /* _Point.swift */,
				E3C69FF3195EDD41004F8F23 /* _Route.swift */,
				E3C69FF4195EDD41004F8F23 /* _User.swift */,
			);
			name = Generated;
			sourceTree = "<group>";
		};
		E3DB028D195EE9390029663D /* API */ = {
			isa = PBXGroup;
			children = (
				E3DB028E195EE9A20029663D /* BackendClient.swift */,
			);
			name = API;
			sourceTree = "<group>";
		};
		E3DC4481195F36D9006FDEF2 /* Google Toolbox for Mac */ = {
			isa = PBXGroup;
			children = (
				E3DC4483195F375D006FDEF2 /* GTMNSDictionary+URLArguments.h */,
				E3DC4484195F375D006FDEF2 /* GTMNSDictionary+URLArguments.m */,
				E3DC4486195F37F5006FDEF2 /* GTMNSString+URLArguments.h */,
				E3DC4487195F37F5006FDEF2 /* GTMNSString+URLArguments.m */,
				E3DC448C195F3839006FDEF2 /* GTMDefines.h */,
				E3DC448D195F3856006FDEF2 /* GTMGarbageCollection.h */,
			);
			name = "Google Toolbox for Mac";
			path = "Google-Toolbox-for-Mac";
			sourceTree = "<group>";
		};
/* End PBXGroup section */

/* Begin PBXNativeTarget section */
		964095F6195ED769004ECEBF /* gothere */ = {
			isa = PBXNativeTarget;
			buildConfigurationList = 96409616195ED769004ECEBF /* Build configuration list for PBXNativeTarget "gothere" */;
			buildPhases = (
				964095F3195ED769004ECEBF /* Sources */,
				964095F4195ED769004ECEBF /* Frameworks */,
				964095F5195ED769004ECEBF /* Resources */,
			);
			buildRules = (
			);
			dependencies = (
			);
			name = gothere;
			productName = gothere;
			productReference = 964095F7195ED769004ECEBF /* gothere.app */;
			productType = "com.apple.product-type.application";
		};
		9640960B195ED769004ECEBF /* gothereTests */ = {
			isa = PBXNativeTarget;
			buildConfigurationList = 96409619195ED769004ECEBF /* Build configuration list for PBXNativeTarget "gothereTests" */;
			buildPhases = (
				96409608195ED769004ECEBF /* Sources */,
				96409609195ED769004ECEBF /* Frameworks */,
				9640960A195ED769004ECEBF /* Resources */,
			);
			buildRules = (
			);
			dependencies = (
				9640960E195ED769004ECEBF /* PBXTargetDependency */,
			);
			name = gothereTests;
			productName = gothereTests;
			productReference = 9640960C195ED769004ECEBF /* gothereTests.xctest */;
			productType = "com.apple.product-type.bundle.unit-test";
		};
/* End PBXNativeTarget section */

/* Begin PBXProject section */
		964095EF195ED769004ECEBF /* Project object */ = {
			isa = PBXProject;
			attributes = {
				LastUpgradeCheck = 0600;
				ORGANIZATIONNAME = "Alexey Konyakhin";
				TargetAttributes = {
					964095F6195ED769004ECEBF = {
						CreatedOnToolsVersion = 6.0;
						SystemCapabilities = {
							com.apple.iOS = {
								enabled = 1;
							};
						};
					};
					9640960B195ED769004ECEBF = {
						CreatedOnToolsVersion = 6.0;
						TestTargetID = 964095F6195ED769004ECEBF;
					};
				};
			};
			buildConfigurationList = 964095F2195ED769004ECEBF /* Build configuration list for PBXProject "gothere" */;
			compatibilityVersion = "Xcode 3.2";
			developmentRegion = English;
			hasScannedForEncodings = 0;
			knownRegions = (
				en,
				Base,
			);
			mainGroup = 964095EE195ED769004ECEBF;
			productRefGroup = 964095F8195ED769004ECEBF /* Products */;
			projectDirPath = "";
			projectRoot = "";
			targets = (
				964095F6195ED769004ECEBF /* gothere */,
				9640960B195ED769004ECEBF /* gothereTests */,
			);
		};
/* End PBXProject section */

/* Begin PBXResourcesBuildPhase section */
		964095F5195ED769004ECEBF /* Resources */ = {
			isa = PBXResourcesBuildPhase;
			buildActionMask = 2147483647;
			files = (
				96FB165B195FB71F00A92D57 /* pin@2x.png in Resources */,
				96409605195ED769004ECEBF /* Main.storyboard in Resources */,
				96FB165A195FB71F00A92D57 /* pin@1x.png in Resources */,
				96409607195ED769004ECEBF /* Images.xcassets in Resources */,
				9653663D195F66AF0035A8F6 /* blur_sample.png in Resources */,
				96FB165D195FB91700A92D57 /* rightButtImg.png in Resources */,
				96536637195F4BEE0035A8F6 /* fells_loop.gpx in Resources */,
				96536635195F4B400035A8F6 /* blue_hills.gpx in Resources */,
				BC2BFE20195FDC1A00DC0E51 /* Default-568h@2x.png in Resources */,
			);
			runOnlyForDeploymentPostprocessing = 0;
		};
		9640960A195ED769004ECEBF /* Resources */ = {
			isa = PBXResourcesBuildPhase;
			buildActionMask = 2147483647;
			files = (
			);
			runOnlyForDeploymentPostprocessing = 0;
		};
/* End PBXResourcesBuildPhase section */

/* Begin PBXSourcesBuildPhase section */
		964095F3195ED769004ECEBF /* Sources */ = {
			isa = PBXSourcesBuildPhase;
			buildActionMask = 2147483647;
			files = (
				96409602195ED769004ECEBF /* MapViewController.swift in Sources */,
				E3DC4488195F37F5006FDEF2 /* GTMNSString+URLArguments.m in Sources */,
				963B4CE3195EEC540094EAE5 /* LoadingView.swift in Sources */,
				E3C69FFC195EDD4F004F8F23 /* Route.swift in Sources */,
				E3C69FFB195EDD4F004F8F23 /* Point.swift in Sources */,
				96FB165F195FC1EC00A92D57 /* GAnnotationView.swift in Sources */,
				DE71FBCB195F75220053E192 /* ChooseARouteTableViewController.swift in Sources */,
				E3C69FF7195EDD41004F8F23 /* _User.swift in Sources */,
				DE71FBC7195F747E0053E192 /* CustomTableViewCell.swift in Sources */,
				96536639195F64530035A8F6 /* GAlertView.swift in Sources */,
				E3DB028F195EE9A20029663D /* BackendClient.swift in Sources */,
				96FB1661195FCB5500A92D57 /* GPointAnnotation.swift in Sources */,
				E3C69FF5195EDD41004F8F23 /* _Point.swift in Sources */,
				DE995FC3195F117D00DBE293 /* PointDetailViewController.swift in Sources */,
				E3C69FF6195EDD41004F8F23 /* _Route.swift in Sources */,
				E3DB028A195EDDFF0029663D /* GTPersistentStoreCoordinator.swift in Sources */,
				964095FD195ED769004ECEBF /* AppDelegate.swift in Sources */,
				964861AD195F06C0005D2E89 /* LocationManager.swift in Sources */,
				E3DC4485195F375D006FDEF2 /* GTMNSDictionary+URLArguments.m in Sources */,
				E3C69FFD195EDD4F004F8F23 /* User.swift in Sources */,
				E3C69FF0195EDA1F004F8F23 /* Model.xcdatamodeld in Sources */,
				9653663F195F67AF0035A8F6 /* BlurredView.swift in Sources */,
				E3DB028C195EE7000029663D /* GTManagedObjectContext.swift in Sources */,
			);
			runOnlyForDeploymentPostprocessing = 0;
		};
		96409608195ED769004ECEBF /* Sources */ = {
			isa = PBXSourcesBuildPhase;
			buildActionMask = 2147483647;
			files = (
				96409613195ED769004ECEBF /* gothereTests.swift in Sources */,
			);
			runOnlyForDeploymentPostprocessing = 0;
		};
/* End PBXSourcesBuildPhase section */

/* Begin PBXTargetDependency section */
		9640960E195ED769004ECEBF /* PBXTargetDependency */ = {
			isa = PBXTargetDependency;
			target = 964095F6195ED769004ECEBF /* gothere */;
			targetProxy = 9640960D195ED769004ECEBF /* PBXContainerItemProxy */;
		};
/* End PBXTargetDependency section */

/* Begin PBXVariantGroup section */
		96409603195ED769004ECEBF /* Main.storyboard */ = {
			isa = PBXVariantGroup;
			children = (
				96409604195ED769004ECEBF /* Base */,
			);
			name = Main.storyboard;
			sourceTree = "<group>";
		};
/* End PBXVariantGroup section */

/* Begin XCBuildConfiguration section */
		96409614195ED769004ECEBF /* Debug */ = {
			isa = XCBuildConfiguration;
			buildSettings = {
				ALWAYS_SEARCH_USER_PATHS = NO;
				CLANG_CXX_LANGUAGE_STANDARD = "gnu++0x";
				CLANG_CXX_LIBRARY = "libc++";
				CLANG_ENABLE_MODULES = YES;
				CLANG_ENABLE_OBJC_ARC = YES;
				CLANG_WARN_BOOL_CONVERSION = YES;
				CLANG_WARN_CONSTANT_CONVERSION = YES;
				CLANG_WARN_DIRECT_OBJC_ISA_USAGE = YES_ERROR;
				CLANG_WARN_EMPTY_BODY = YES;
				CLANG_WARN_ENUM_CONVERSION = YES;
				CLANG_WARN_INT_CONVERSION = YES;
				CLANG_WARN_OBJC_ROOT_CLASS = YES_ERROR;
				CLANG_WARN_UNREACHABLE_CODE = YES;
				CLANG_WARN__DUPLICATE_METHOD_MATCH = YES;
				"CODE_SIGN_IDENTITY[sdk=iphoneos*]" = "iPhone Developer";
				COPY_PHASE_STRIP = NO;
				ENABLE_STRICT_OBJC_MSGSEND = YES;
				GCC_C_LANGUAGE_STANDARD = gnu99;
				GCC_DYNAMIC_NO_PIC = NO;
				GCC_OPTIMIZATION_LEVEL = 0;
				GCC_PREPROCESSOR_DEFINITIONS = (
					"DEBUG=1",
					"$(inherited)",
				);
				GCC_SYMBOLS_PRIVATE_EXTERN = NO;
				GCC_WARN_64_TO_32_BIT_CONVERSION = YES;
				GCC_WARN_ABOUT_RETURN_TYPE = YES_ERROR;
				GCC_WARN_UNDECLARED_SELECTOR = YES;
				GCC_WARN_UNINITIALIZED_AUTOS = YES_AGGRESSIVE;
				GCC_WARN_UNUSED_FUNCTION = YES;
				GCC_WARN_UNUSED_VARIABLE = YES;
				IPHONEOS_DEPLOYMENT_TARGET = 8.0;
				METAL_ENABLE_DEBUG_INFO = YES;
				ONLY_ACTIVE_ARCH = YES;
				SDKROOT = iphoneos;
				SWIFT_OPTIMIZATION_LEVEL = "-Onone";
			};
			name = Debug;
		};
		96409615195ED769004ECEBF /* Release */ = {
			isa = XCBuildConfiguration;
			buildSettings = {
				ALWAYS_SEARCH_USER_PATHS = NO;
				CLANG_CXX_LANGUAGE_STANDARD = "gnu++0x";
				CLANG_CXX_LIBRARY = "libc++";
				CLANG_ENABLE_MODULES = YES;
				CLANG_ENABLE_OBJC_ARC = YES;
				CLANG_WARN_BOOL_CONVERSION = YES;
				CLANG_WARN_CONSTANT_CONVERSION = YES;
				CLANG_WARN_DIRECT_OBJC_ISA_USAGE = YES_ERROR;
				CLANG_WARN_EMPTY_BODY = YES;
				CLANG_WARN_ENUM_CONVERSION = YES;
				CLANG_WARN_INT_CONVERSION = YES;
				CLANG_WARN_OBJC_ROOT_CLASS = YES_ERROR;
				CLANG_WARN_UNREACHABLE_CODE = YES;
				CLANG_WARN__DUPLICATE_METHOD_MATCH = YES;
				"CODE_SIGN_IDENTITY[sdk=iphoneos*]" = "iPhone Developer";
				COPY_PHASE_STRIP = YES;
				ENABLE_NS_ASSERTIONS = NO;
				ENABLE_STRICT_OBJC_MSGSEND = YES;
				GCC_C_LANGUAGE_STANDARD = gnu99;
				GCC_WARN_64_TO_32_BIT_CONVERSION = YES;
				GCC_WARN_ABOUT_RETURN_TYPE = YES_ERROR;
				GCC_WARN_UNDECLARED_SELECTOR = YES;
				GCC_WARN_UNINITIALIZED_AUTOS = YES_AGGRESSIVE;
				GCC_WARN_UNUSED_FUNCTION = YES;
				GCC_WARN_UNUSED_VARIABLE = YES;
				IPHONEOS_DEPLOYMENT_TARGET = 8.0;
				METAL_ENABLE_DEBUG_INFO = NO;
				SDKROOT = iphoneos;
				VALIDATE_PRODUCT = YES;
			};
			name = Release;
		};
		96409617195ED769004ECEBF /* Debug */ = {
			isa = XCBuildConfiguration;
			buildSettings = {
				ASSETCATALOG_COMPILER_APPICON_NAME = AppIcon;
				CLANG_ENABLE_MODULES = YES;
				HEADER_SEARCH_PATHS = (
					"$(inherited)",
					"/Applications/Xcode6-Beta2.app/Contents/Developer/Toolchains/XcodeDefault.xctoolchain/usr/include",
				);
				INFOPLIST_FILE = gothere/Info.plist;
				IPHONEOS_DEPLOYMENT_TARGET = 8.0;
				LD_RUNPATH_SEARCH_PATHS = "$(inherited) @executable_path/Frameworks";
				PRODUCT_NAME = "$(TARGET_NAME)";
				SWIFT_OBJC_BRIDGING_HEADER = "gothere/gothere-Bridging-Header.h";
				SWIFT_OPTIMIZATION_LEVEL = "-Onone";
				USER_HEADER_SEARCH_PATHS = "";
			};
			name = Debug;
		};
		96409618195ED769004ECEBF /* Release */ = {
			isa = XCBuildConfiguration;
			buildSettings = {
				ASSETCATALOG_COMPILER_APPICON_NAME = AppIcon;
				CLANG_ENABLE_MODULES = YES;
				HEADER_SEARCH_PATHS = (
					"$(inherited)",
					"/Applications/Xcode6-Beta2.app/Contents/Developer/Toolchains/XcodeDefault.xctoolchain/usr/include",
				);
				INFOPLIST_FILE = gothere/Info.plist;
				IPHONEOS_DEPLOYMENT_TARGET = 8.0;
				LD_RUNPATH_SEARCH_PATHS = "$(inherited) @executable_path/Frameworks";
				PRODUCT_NAME = "$(TARGET_NAME)";
				SWIFT_OBJC_BRIDGING_HEADER = "gothere/gothere-Bridging-Header.h";
				USER_HEADER_SEARCH_PATHS = "";
			};
			name = Release;
		};
		9640961A195ED769004ECEBF /* Debug */ = {
			isa = XCBuildConfiguration;
			buildSettings = {
				BUNDLE_LOADER = "$(BUILT_PRODUCTS_DIR)/gothere.app/gothere";
				FRAMEWORK_SEARCH_PATHS = (
					"$(SDKROOT)/Developer/Library/Frameworks",
					"$(inherited)",
				);
				GCC_PREPROCESSOR_DEFINITIONS = (
					"DEBUG=1",
					"$(inherited)",
				);
				INFOPLIST_FILE = gothereTests/Info.plist;
				LD_RUNPATH_SEARCH_PATHS = "$(inherited) @executable_path/Frameworks @loader_path/Frameworks";
				METAL_ENABLE_DEBUG_INFO = YES;
				PRODUCT_NAME = "$(TARGET_NAME)";
				TEST_HOST = "$(BUNDLE_LOADER)";
			};
			name = Debug;
		};
		9640961B195ED769004ECEBF /* Release */ = {
			isa = XCBuildConfiguration;
			buildSettings = {
				BUNDLE_LOADER = "$(BUILT_PRODUCTS_DIR)/gothere.app/gothere";
				FRAMEWORK_SEARCH_PATHS = (
					"$(SDKROOT)/Developer/Library/Frameworks",
					"$(inherited)",
				);
				INFOPLIST_FILE = gothereTests/Info.plist;
				LD_RUNPATH_SEARCH_PATHS = "$(inherited) @executable_path/Frameworks @loader_path/Frameworks";
				METAL_ENABLE_DEBUG_INFO = NO;
				PRODUCT_NAME = "$(TARGET_NAME)";
				TEST_HOST = "$(BUNDLE_LOADER)";
			};
			name = Release;
		};
/* End XCBuildConfiguration section */

/* Begin XCConfigurationList section */
		964095F2195ED769004ECEBF /* Build configuration list for PBXProject "gothere" */ = {
			isa = XCConfigurationList;
			buildConfigurations = (
				96409614195ED769004ECEBF /* Debug */,
				96409615195ED769004ECEBF /* Release */,
			);
			defaultConfigurationIsVisible = 0;
			defaultConfigurationName = Release;
		};
		96409616195ED769004ECEBF /* Build configuration list for PBXNativeTarget "gothere" */ = {
			isa = XCConfigurationList;
			buildConfigurations = (
				96409617195ED769004ECEBF /* Debug */,
				96409618195ED769004ECEBF /* Release */,
			);
			defaultConfigurationIsVisible = 0;
			defaultConfigurationName = Release;
		};
		96409619195ED769004ECEBF /* Build configuration list for PBXNativeTarget "gothereTests" */ = {
			isa = XCConfigurationList;
			buildConfigurations = (
				9640961A195ED769004ECEBF /* Debug */,
				9640961B195ED769004ECEBF /* Release */,
			);
			defaultConfigurationIsVisible = 0;
			defaultConfigurationName = Release;
		};
/* End XCConfigurationList section */

/* Begin XCVersionGroup section */
		E3C69FEE195EDA1F004F8F23 /* Model.xcdatamodeld */ = {
			isa = XCVersionGroup;
			children = (
				E3C69FEF195EDA1F004F8F23 /* Model.xcdatamodel */,
			);
			currentVersion = E3C69FEF195EDA1F004F8F23 /* Model.xcdatamodel */;
			path = Model.xcdatamodeld;
			sourceTree = "<group>";
			versionGroupType = wrapper.xcdatamodel;
		};
/* End XCVersionGroup section */
	};
	rootObject = 964095EF195ED769004ECEBF /* Project object */;
}
